
Microsoft Visual Studio Solution File, Format Version 12.00
# Visual Studio Version 17
VisualStudioVersion = 17.9.34728.123
MinimumVisualStudioVersion = 10.0.40219.1
Project("{9A19103F-16F7-4668-BE54-9A1E7A4F7556}") = "CSP.DataScience.Tool", "CSP.DataScience.Tool\CSP.DataScience.Tool.csproj", "{AB412DD4-204C-4A18-A41A-BA0882322B8C}"
EndProject
Project("{FAE04EC0-301F-11D3-BF4B-00C04F79EFBC}") = "CSPSolutions.DS.Tool", "CSPSolutions.DS.Tool\CSPSolutions.DS.Tool.csproj", "{AB32E329-32FD-4FB2-924A-C072ED011684}"
EndProject
Global
	GlobalSection(SolutionConfigurationPlatforms) = preSolution
		Debug|Any CPU = Debug|Any CPU
		Release|Any CPU = Release|Any CPU
	EndGlobalSection
	GlobalSection(ProjectConfigurationPlatforms) = postSolution
		{AB412DD4-204C-4A18-A41A-BA0882322B8C}.Debug|Any CPU.ActiveCfg = Debug|Any CPU
		{AB412DD4-204C-4A18-A41A-BA0882322B8C}.Debug|Any CPU.Build.0 = Debug|Any CPU
		{AB412DD4-204C-4A18-A41A-BA0882322B8C}.Release|Any CPU.ActiveCfg = Release|Any CPU
		{AB412DD4-204C-4A18-A41A-BA0882322B8C}.Release|Any CPU.Build.0 = Release|Any CPU
		{AB32E329-32FD-4FB2-924A-C072ED011684}.Debug|Any CPU.ActiveCfg = Debug|Any CPU
		{AB32E329-32FD-4FB2-924A-C072ED011684}.Debug|Any CPU.Build.0 = Debug|Any CPU
		{AB32E329-32FD-4FB2-924A-C072ED011684}.Release|Any CPU.ActiveCfg = Release|Any CPU
		{AB32E329-32FD-4FB2-924A-C072ED011684}.Release|Any CPU.Build.0 = Release|Any CPU
	EndGlobalSection
	GlobalSection(SolutionProperties) = preSolution
		HideSolutionNode = FALSE
	EndGlobalSection
	GlobalSection(ExtensibilityGlobals) = postSolution
		SolutionGuid = {DB351005-3583-481C-8604-10D6C09AD244}
	EndGlobalSection
EndGlobal
